
Microsoft Visual Studio Solution File, Format Version 12.00
# Visual Studio Version 17
VisualStudioVersion = 17.3.32825.248
MinimumVisualStudioVersion = 10.0.40219.1
Project("{9A19103F-16F7-4668-BE54-9A1E7A4F7556}") = "MyBackup", "MyBackup\MyBackup.csproj", "{3D30D7DF-385F-4AAE-A766-F87BD1FA0AF1}"
EndProject
Project("{2150E333-8FDC-42A3-9474-1A3956D46DE8}") = "Solution Items", "Solution Items", "{387D86FF-AEEC-488A-BF0A-38F61179F00C}"
	ProjectSection(SolutionItems) = preProject
		Backup.jpg = Backup.jpg
		MyBackup.pptx = MyBackup.pptx
		Purge.jpg = Purge.jpg
		README.md = README.md
	EndProjectSection
EndProject
Global
	GlobalSection(SolutionConfigurationPlatforms) = preSolution
		Debug|Any CPU = Debug|Any CPU
		Release|Any CPU = Release|Any CPU
	EndGlobalSection
	GlobalSection(ProjectConfigurationPlatforms) = postSolution
		{3D30D7DF-385F-4AAE-A766-F87BD1FA0AF1}.Debug|Any CPU.ActiveCfg = Debug|Any CPU
		{3D30D7DF-385F-4AAE-A766-F87BD1FA0AF1}.Debug|Any CPU.Build.0 = Debug|Any CPU
		{3D30D7DF-385F-4AAE-A766-F87BD1FA0AF1}.Release|Any CPU.ActiveCfg = Release|Any CPU
		{3D30D7DF-385F-4AAE-A766-F87BD1FA0AF1}.Release|Any CPU.Build.0 = Release|Any CPU
	EndGlobalSection
	GlobalSection(SolutionProperties) = preSolution
		HideSolutionNode = FALSE
	EndGlobalSection
	GlobalSection(ExtensibilityGlobals) = postSolution
		SolutionGuid = {A7C1A720-0675-4EE1-A73C-302C359D253B}
	EndGlobalSection
EndGlobal
